<?xml version="1.0" encoding="utf-8"?>
<Project ToolsVersion="4.0" xmlns="http://schemas.microsoft.com/developer/msbuild/2003">
  <ItemGroup>
    <Filter Include="EcoScape">
      <UniqueIdentifier>{E8AD39F7-D47A-9402-FD93-82AAE9BFC990}</UniqueIdentifier>
    </Filter>
  </ItemGroup>
  <ItemGroup>
    <ClInclude Include="src\EcoScape.h" />
    <ClInclude Include="src\EcoScape\Application.h">
      <Filter>EcoScape</Filter>
    </ClInclude>
    <ClInclude Include="src\EcoScape\Core.h">
      <Filter>EcoScape</Filter>
    </ClInclude>
    <ClInclude Include="src\EcoScape\Entrypoint.h">
      <Filter>EcoScape</Filter>
    </ClInclude>
    <ClInclude Include="src\EcoScape\Log.h">
      <Filter>EcoScape</Filter>
    </ClInclude>
    <ClInclude Include="src\precompiledheaders.h" />
  </ItemGroup>
  <ItemGroup>
    <ClCompile Include="src\EcoScape\Application.cpp">
      <Filter>EcoScape</Filter>
    </ClCompile>
    <ClCompile Include="src\EcoScape\Log.cpp">
      <Filter>EcoScape</Filter>
    </ClCompile>
    <ClCompile Include="src\precompiledheaders.cpp" />
  </ItemGroup>
</Project>